
Microsoft Visual Studio Solution File, Format Version 12.00
# Visual Studio 14
VisualStudioVersion = 14.0.24720.0
MinimumVisualStudioVersion = 10.0.40219.1
Project("{FAE04EC0-301F-11D3-BF4B-00C04F79EFBC}") = "CinemaApp.Domain", "CinemaApp.Domain\CinemaApp.Domain.csproj", "{1C792134-5B6A-4DFC-A89D-43BF8F2F0269}"
EndProject
Project("{FAE04EC0-301F-11D3-BF4B-00C04F79EFBC}") = "CinemaApp.WebUI", "CinemaApp.WebUI\CinemaApp.WebUI.csproj", "{1CEDCD22-E773-40FA-97CC-F534980451C4}"
EndProject
Project("{FAE04EC0-301F-11D3-BF4B-00C04F79EFBC}") = "CinemaApp.WebUI.UnitTests", "CinemaApp.WebUI.UnitTests\CinemaApp.WebUI.UnitTests.csproj", "{B3EF8464-BB12-4DFE-B901-0595C6BC52CA}"
EndProject
Global
	GlobalSection(SolutionConfigurationPlatforms) = preSolution
		Debug|Any CPU = Debug|Any CPU
		Release|Any CPU = Release|Any CPU
	EndGlobalSection
	GlobalSection(ProjectConfigurationPlatforms) = postSolution
		{1C792134-5B6A-4DFC-A89D-43BF8F2F0269}.Debug|Any CPU.ActiveCfg = Debug|Any CPU
		{1C792134-5B6A-4DFC-A89D-43BF8F2F0269}.Debug|Any CPU.Build.0 = Debug|Any CPU
		{1C792134-5B6A-4DFC-A89D-43BF8F2F0269}.Release|Any CPU.ActiveCfg = Release|Any CPU
		{1C792134-5B6A-4DFC-A89D-43BF8F2F0269}.Release|Any CPU.Build.0 = Release|Any CPU
		{1CEDCD22-E773-40FA-97CC-F534980451C4}.Debug|Any CPU.ActiveCfg = Debug|Any CPU
		{1CEDCD22-E773-40FA-97CC-F534980451C4}.Debug|Any CPU.Build.0 = Debug|Any CPU
		{1CEDCD22-E773-40FA-97CC-F534980451C4}.Release|Any CPU.ActiveCfg = Release|Any CPU
		{1CEDCD22-E773-40FA-97CC-F534980451C4}.Release|Any CPU.Build.0 = Release|Any CPU
		{B3EF8464-BB12-4DFE-B901-0595C6BC52CA}.Debug|Any CPU.ActiveCfg = Debug|Any CPU
		{B3EF8464-BB12-4DFE-B901-0595C6BC52CA}.Debug|Any CPU.Build.0 = Debug|Any CPU
		{B3EF8464-BB12-4DFE-B901-0595C6BC52CA}.Release|Any CPU.ActiveCfg = Release|Any CPU
		{B3EF8464-BB12-4DFE-B901-0595C6BC52CA}.Release|Any CPU.Build.0 = Release|Any CPU
	EndGlobalSection
	GlobalSection(SolutionProperties) = preSolution
		HideSolutionNode = FALSE
	EndGlobalSection
	GlobalSection(TeamFoundationVersionControl) = preSolution
		SccNumberOfProjects = 4
		SccEnterpriseProvider = {4CA58AB2-18FA-4F8D-95D4-32DDF27D184C}
		SccTeamFoundationServer = https://avans-sogeti.visualstudio.com/defaultcollection
		SccLocalPath0 = .
		SccProjectUniqueName1 = CinemaApp.Domain\\CinemaApp.Domain.csproj
		SccProjectName1 = CinemaApp.Domain
		SccLocalPath1 = CinemaApp.Domain
		SccProjectUniqueName2 = CinemaApp.WebUI\\CinemaApp.WebUI.csproj
		SccProjectName2 = CinemaApp.WebUI
		SccLocalPath2 = CinemaApp.WebUI
		SccProjectUniqueName3 = CinemaApp.WebUI.UnitTests\\CinemaApp.WebUI.UnitTests.csproj
		SccProjectName3 = CinemaApp.WebUI.UnitTests
		SccLocalPath3 = CinemaApp.WebUI.UnitTests
	EndGlobalSection
EndGlobal
